
Microsoft Visual Studio Solution File, Format Version 12.00
# Visual Studio 15
VisualStudioVersion = 15.0.28307.421
MinimumVisualStudioVersion = 10.0.40219.1
Project("{FAE04EC0-301F-11D3-BF4B-00C04F79EFBC}") = "LogicsLib", "LogicsLib\LogicsLib.csproj", "{7EE3508D-314B-4FB6-97ED-6455B25FBE26}"
EndProject
Project("{FAE04EC0-301F-11D3-BF4B-00C04F79EFBC}") = "ConsoleApp", "ConsoleApp\ConsoleApp.csproj", "{35391518-FD4A-4881-8645-ACD897A1B10F}"
EndProject
Project("{FAE04EC0-301F-11D3-BF4B-00C04F79EFBC}") = "DataBase", "DataBase\DataBase.csproj", "{2549B0FF-6094-4EFD-82C9-10EC553C7D08}"
EndProject
Global
	GlobalSection(SolutionConfigurationPlatforms) = preSolution
		Debug|Any CPU = Debug|Any CPU
		Release|Any CPU = Release|Any CPU
	EndGlobalSection
	GlobalSection(ProjectConfigurationPlatforms) = postSolution
		{7EE3508D-314B-4FB6-97ED-6455B25FBE26}.Debug|Any CPU.ActiveCfg = Debug|Any CPU
		{7EE3508D-314B-4FB6-97ED-6455B25FBE26}.Debug|Any CPU.Build.0 = Debug|Any CPU
		{7EE3508D-314B-4FB6-97ED-6455B25FBE26}.Release|Any CPU.ActiveCfg = Release|Any CPU
		{7EE3508D-314B-4FB6-97ED-6455B25FBE26}.Release|Any CPU.Build.0 = Release|Any CPU
		{35391518-FD4A-4881-8645-ACD897A1B10F}.Debug|Any CPU.ActiveCfg = Debug|Any CPU
		{35391518-FD4A-4881-8645-ACD897A1B10F}.Debug|Any CPU.Build.0 = Debug|Any CPU
		{35391518-FD4A-4881-8645-ACD897A1B10F}.Release|Any CPU.ActiveCfg = Release|Any CPU
		{35391518-FD4A-4881-8645-ACD897A1B10F}.Release|Any CPU.Build.0 = Release|Any CPU
		{2549B0FF-6094-4EFD-82C9-10EC553C7D08}.Debug|Any CPU.ActiveCfg = Debug|Any CPU
		{2549B0FF-6094-4EFD-82C9-10EC553C7D08}.Debug|Any CPU.Build.0 = Debug|Any CPU
		{2549B0FF-6094-4EFD-82C9-10EC553C7D08}.Release|Any CPU.ActiveCfg = Release|Any CPU
		{2549B0FF-6094-4EFD-82C9-10EC553C7D08}.Release|Any CPU.Build.0 = Release|Any CPU
	EndGlobalSection
	GlobalSection(SolutionProperties) = preSolution
		HideSolutionNode = FALSE
	EndGlobalSection
	GlobalSection(ExtensibilityGlobals) = postSolution
		SolutionGuid = {C1F295C1-6A80-42F2-A18E-AB2002D08598}
	EndGlobalSection
EndGlobal
